# THIS IS AN AUTOGENERATED FILE. DO NOT EDIT THIS FILE DIRECTLY.
# yarn lockfile v1


style-component@^0.0.1:
  version "0.0.1"
  resolved "https://registry.yarnpkg.com/style-component/-/style-component-0.0.1.tgz#5157d893e9c3dd93b00446719f8357567ef18e57"
  integrity sha512-eQkse8gFYHFCpzdgCJNtT/k+c0qEM1G2bTZnLN4liWYJS66p2vsBMsnuJQDeSdDaNa61flxNSiZ88Lvp8puipA==
